# This file is automatically @generated by Cargo.
# It is not intended for manual editing.
version = 3

[[package]]
name = "cfg-if"
version = "1.0.0"
source = "registry+https://github.com/rust-lang/crates.io-index"
checksum = "baf1de4339761588bc0619e3cbc0120ee582ebb74b53b4efbf79117bd2da40fd"

[[package]]
name = "cranelift-bforest"
version = "0.78.0"
source = "registry+https://github.com/rust-lang/crates.io-index"
checksum = "cc0cb7df82c8cf8f2e6a8dd394a0932a71369c160cc9b027dca414fced242513"
dependencies = [
 "cranelift-entity",
]

[[package]]
name = "cranelift-codegen"
version = "0.78.0"
source = "registry+https://github.com/rust-lang/crates.io-index"
checksum = "fe4463c15fa42eee909e61e5eac4866b7c6d22d0d8c621e57a0c5380753bfa8c"
dependencies = [
 "cranelift-bforest",
 "cranelift-codegen-meta",
 "cranelift-codegen-shared",
 "cranelift-entity",
 "log",
 "regalloc",
 "smallvec",
 "target-lexicon",
]

[[package]]
name = "cranelift-codegen-meta"
version = "0.78.0"
source = "registry+https://github.com/rust-lang/crates.io-index"
checksum = "793f6a94a053a55404ea16e1700202a88101672b8cd6b4df63e13cde950852bf"
dependencies = [
 "cranelift-codegen-shared",
 "cranelift-entity",
]

[[package]]
name = "cranelift-codegen-shared"
version = "0.78.0"
source = "registry+https://github.com/rust-lang/crates.io-index"
checksum = "44aa1846df275bce5eb30379d65964c7afc63c05a117076e62a119c25fe174be"

[[package]]
name = "cranelift-entity"
version = "0.78.0"
source = "registry+https://github.com/rust-lang/crates.io-index"
checksum = "a3a45d8d6318bf8fc518154d9298eab2a8154ec068a8885ff113f6db8d69bb3a"

[[package]]
name = "cranelift-frontend"
version = "0.78.0"
source = "registry+https://github.com/rust-lang/crates.io-index"
checksum = "e07339bd461766deb7605169de039e01954768ff730fa1254e149001884a8525"
dependencies = [
 "cranelift-codegen",
 "log",
 "smallvec",
 "target-lexicon",
]

[[package]]
name = "log"
version = "0.4.14"
source = "registry+https://github.com/rust-lang/crates.io-index"
checksum = "51b9bbe6c47d51fc3e1a9b945965946b4c44142ab8792c50835a980d362c2710"
dependencies = [
 "cfg-if",
]

[[package]]
name = "prometh"
version = "0.1.0"
dependencies = [
 "cranelift-frontend",
]

[[package]]
name = "regalloc"
version = "0.0.32"
source = "registry+https://github.com/rust-lang/crates.io-index"
checksum = "a6304468554ed921da3d32c355ea107b8d13d7b8996c3adfb7aab48d3bc321f4"
dependencies = [
 "log",
 "rustc-hash",
 "smallvec",
]

[[package]]
name = "rustc-hash"
version = "1.1.0"
source = "registry+https://github.com/rust-lang/crates.io-index"
checksum = "08d43f7aa6b08d49f382cde6a7982047c3426db949b1424bc4b7ec9ae12c6ce2"

[[package]]
name = "smallvec"
version = "1.7.0"
source = "registry+https://github.com/rust-lang/crates.io-index"
checksum = "1ecab6c735a6bb4139c0caafd0cc3635748bbb3acf4550e8138122099251f309"

[[package]]
name = "target-lexicon"
version = "0.12.2"
source = "registry+https://github.com/rust-lang/crates.io-index"
checksum = "d9bffcddbc2458fa3e6058414599e3c838a022abae82e5c67b4f7f80298d5bff"
